
Microsoft Visual Studio Solution File, Format Version 12.00
# Visual Studio Version 17
VisualStudioVersion = 17.0.31903.59
MinimumVisualStudioVersion = 10.0.40219.1
Project("{9A19103F-16F7-4668-BE54-9A1E7A4F7556}") = "1a", "1a\1a.csproj", "{A901E31C-4436-4967-936E-92895C74D0B1}"
EndProject
Project("{9A19103F-16F7-4668-BE54-9A1E7A4F7556}") = "1b", "1b\1b.csproj", "{D518186F-A8CB-4936-B628-86472E6287A2}"
EndProject
Project("{FAE04EC0-301F-11D3-BF4B-00C04F79EFBC}") = "2a", "2a\2a.csproj", "{CA221CEA-1E97-4802-9AA7-27AE78D108F2}"
EndProject
Project("{FAE04EC0-301F-11D3-BF4B-00C04F79EFBC}") = "2b", "2b\2b.csproj", "{897565DB-DF0E-4C48-B89B-7522D0B86979}"
EndProject
Global
	GlobalSection(SolutionConfigurationPlatforms) = preSolution
		Debug|Any CPU = Debug|Any CPU
		Release|Any CPU = Release|Any CPU
	EndGlobalSection
	GlobalSection(ProjectConfigurationPlatforms) = postSolution
		{A901E31C-4436-4967-936E-92895C74D0B1}.Debug|Any CPU.ActiveCfg = Debug|Any CPU
		{A901E31C-4436-4967-936E-92895C74D0B1}.Debug|Any CPU.Build.0 = Debug|Any CPU
		{A901E31C-4436-4967-936E-92895C74D0B1}.Release|Any CPU.ActiveCfg = Release|Any CPU
		{A901E31C-4436-4967-936E-92895C74D0B1}.Release|Any CPU.Build.0 = Release|Any CPU
		{D518186F-A8CB-4936-B628-86472E6287A2}.Debug|Any CPU.ActiveCfg = Debug|Any CPU
		{D518186F-A8CB-4936-B628-86472E6287A2}.Debug|Any CPU.Build.0 = Debug|Any CPU
		{D518186F-A8CB-4936-B628-86472E6287A2}.Release|Any CPU.ActiveCfg = Release|Any CPU
		{D518186F-A8CB-4936-B628-86472E6287A2}.Release|Any CPU.Build.0 = Release|Any CPU
		{CA221CEA-1E97-4802-9AA7-27AE78D108F2}.Debug|Any CPU.ActiveCfg = Debug|Any CPU
		{CA221CEA-1E97-4802-9AA7-27AE78D108F2}.Debug|Any CPU.Build.0 = Debug|Any CPU
		{CA221CEA-1E97-4802-9AA7-27AE78D108F2}.Release|Any CPU.ActiveCfg = Release|Any CPU
		{CA221CEA-1E97-4802-9AA7-27AE78D108F2}.Release|Any CPU.Build.0 = Release|Any CPU
		{897565DB-DF0E-4C48-B89B-7522D0B86979}.Debug|Any CPU.ActiveCfg = Debug|Any CPU
		{897565DB-DF0E-4C48-B89B-7522D0B86979}.Debug|Any CPU.Build.0 = Debug|Any CPU
		{897565DB-DF0E-4C48-B89B-7522D0B86979}.Release|Any CPU.ActiveCfg = Release|Any CPU
		{897565DB-DF0E-4C48-B89B-7522D0B86979}.Release|Any CPU.Build.0 = Release|Any CPU
	EndGlobalSection
	GlobalSection(SolutionProperties) = preSolution
		HideSolutionNode = FALSE
	EndGlobalSection
	GlobalSection(ExtensibilityGlobals) = postSolution
		SolutionGuid = {062BCB3F-8898-42CF-8D62-2E0AC74C3B36}
	EndGlobalSection
EndGlobal
